// !$*UTF8*$!
{
	archiveVersion = 1;
	classes = {
	};
	objectVersion = 46;
	objects = {

/* Begin PBXBuildFile section */
		61D0CC4D1B05978D004E9108 /* main.m in Sources */ = {isa = PBXBuildFile; fileRef = 61D0CC4C1B05978D004E9108 /* main.m */; };
		61D0CC501B05978D004E9108 /* AppDelegate.m in Sources */ = {isa = PBXBuildFile; fileRef = 61D0CC4F1B05978D004E9108 /* AppDelegate.m */; };
		61D0CC531B05978D004E9108 /* ViewController.m in Sources */ = {isa = PBXBuildFile; fileRef = 61D0CC521B05978D004E9108 /* ViewController.m */; };
		61D0CC561B05978D004E9108 /* Main.storyboard in Resources */ = {isa = PBXBuildFile; fileRef = 61D0CC541B05978D004E9108 /* Main.storyboard */; };
		61D0CC581B05978D004E9108 /* Images.xcassets in Resources */ = {isa = PBXBuildFile; fileRef = 61D0CC571B05978D004E9108 /* Images.xcassets */; };
		61D0CC5B1B05978D004E9108 /* LaunchScreen.xib in Resources */ = {isa = PBXBuildFile; fileRef = 61D0CC591B05978D004E9108 /* LaunchScreen.xib */; };
		61D0CC671B05978D004E9108 /* CoreGraphicsLearnTests.m in Sources */ = {isa = PBXBuildFile; fileRef = 61D0CC661B05978D004E9108 /* CoreGraphicsLearnTests.m */; };
		61D0CC721B0597DD004E9108 /* Draw2D.m in Sources */ = {isa = PBXBuildFile; fileRef = 61D0CC711B0597DD004E9108 /* Draw2D.m */; };
/* End PBXBuildFile section */

/* Begin PBXContainerItemProxy section */
		61D0CC611B05978D004E9108 /* PBXContainerItemProxy */ = {
			isa = PBXContainerItemProxy;
			containerPortal = 61D0CC3F1B05978D004E9108 /* Project object */;
			proxyType = 1;
			remoteGlobalIDString = 61D0CC461B05978D004E9108;
			remoteInfo = CoreGraphicsLearn;
		};
/* End PBXContainerItemProxy section */

/* Begin PBXFileReference section */
		61D0CC471B05978D004E9108 /* CoreGraphicsLearn.app */ = {isa = PBXFileReference; explicitFileType = wrapper.application; includeInIndex = 0; path = CoreGraphicsLearn.app; sourceTree = BUILT_PRODUCTS_DIR; };
		61D0CC4B1B05978D004E9108 /* Info.plist */ = {isa = PBXFileReference; lastKnownFileType = text.plist.xml; path = Info.plist; sourceTree = "<group>"; };
		61D0CC4C1B05978D004E9108 /* main.m */ = {isa = PBXFileReference; lastKnownFileType = sourcecode.c.objc; path = main.m; sourceTree = "<group>"; };
		61D0CC4E1B05978D004E9108 /* AppDelegate.h */ = {isa = PBXFileReference; lastKnownFileType = sourcecode.c.h; path = AppDelegate.h; sourceTree = "<group>"; };
		61D0CC4F1B05978D004E9108 /* AppDelegate.m */ = {isa = PBXFileReference; lastKnownFileType = sourcecode.c.objc; path = AppDelegate.m; sourceTree = "<group>"; };
		61D0CC511B05978D004E9108 /* ViewController.h */ = {isa = PBXFileReference; lastKnownFileType = sourcecode.c.h; path = ViewController.h; sourceTree = "<group>"; };
		61D0CC521B05978D004E9108 /* ViewController.m */ = {isa = PBXFileReference; lastKnownFileType = sourcecode.c.objc; path = ViewController.m; sourceTree = "<group>"; };
		61D0CC551B05978D004E9108 /* Base */ = {isa = PBXFileReference; lastKnownFileType = file.storyboard; name = Base; path = Base.lproj/Main.storyboard; sourceTree = "<group>"; };
		61D0CC571B05978D004E9108 /* Images.xcassets */ = {isa = PBXFileReference; lastKnownFileType = folder.assetcatalog; path = Images.xcassets; sourceTree = "<group>"; };
		61D0CC5A1B05978D004E9108 /* Base */ = {isa = PBXFileReference; lastKnownFileType = file.xib; name = Base; path = Base.lproj/LaunchScreen.xib; sourceTree = "<group>"; };
		61D0CC601B05978D004E9108 /* CoreGraphicsLearnTests.xctest */ = {isa = PBXFileReference; explicitFileType = wrapper.cfbundle; includeInIndex = 0; path = CoreGraphicsLearnTests.xctest; sourceTree = BUILT_PRODUCTS_DIR; };
		61D0CC651B05978D004E9108 /* Info.plist */ = {isa = PBXFileReference; lastKnownFileType = text.plist.xml; path = Info.plist; sourceTree = "<group>"; };
		61D0CC661B05978D004E9108 /* CoreGraphicsLearnTests.m */ = {isa = PBXFileReference; lastKnownFileType = sourcecode.c.objc; path = CoreGraphicsLearnTests.m; sourceTree = "<group>"; };
		61D0CC701B0597DD004E9108 /* Draw2D.h */ = {isa = PBXFileReference; fileEncoding = 4; lastKnownFileType = sourcecode.c.h; name = Draw2D.h; path = CoreGraphicsLearn/Draw2D.h; sourceTree = "<group>"; };
		61D0CC711B0597DD004E9108 /* Draw2D.m */ = {isa = PBXFileReference; fileEncoding = 4; lastKnownFileType = sourcecode.c.objc; name = Draw2D.m; path = CoreGraphicsLearn/Draw2D.m; sourceTree = "<group>"; };
/* End PBXFileReference section */

/* Begin PBXFrameworksBuildPhase section */
		61D0CC441B05978D004E9108 /* Frameworks */ = {
			isa = PBXFrameworksBuildPhase;
			buildActionMask = 2147483647;
			files = (
			);
			runOnlyForDeploymentPostprocessing = 0;
		};
		61D0CC5D1B05978D004E9108 /* Frameworks */ = {
			isa = PBXFrameworksBuildPhase;
			buildActionMask = 2147483647;
			files = (
			);
			runOnlyForDeploymentPostprocessing = 0;
		};
/* End PBXFrameworksBuildPhase section */

/* Begin PBXGroup section */
		61D0CC3E1B05978D004E9108 = {
			isa = PBXGroup;
			children = (
				61D0CC701B0597DD004E9108 /* Draw2D.h */,
				61D0CC711B0597DD004E9108 /* Draw2D.m */,
				61D0CC491B05978D004E9108 /* CoreGraphicsLearn */,
				61D0CC631B05978D004E9108 /* CoreGraphicsLearnTests */,
				61D0CC481B05978D004E9108 /* Products */,
			);
			sourceTree = "<group>";
		};
		61D0CC481B05978D004E9108 /* Products */ = {
			isa = PBXGroup;
			children = (
				61D0CC471B05978D004E9108 /* CoreGraphicsLearn.app */,
				61D0CC601B05978D004E9108 /* CoreGraphicsLearnTests.xctest */,
			);
			name = Products;
			sourceTree = "<group>";
		};
		61D0CC491B05978D004E9108 /* CoreGraphicsLearn */ = {
			isa = PBXGroup;
			children = (
				61D0CC4E1B05978D004E9108 /* AppDelegate.h */,
				61D0CC4F1B05978D004E9108 /* AppDelegate.m */,
				61D0CC511B05978D004E9108 /* ViewController.h */,
				61D0CC521B05978D004E9108 /* ViewController.m */,
				61D0CC541B05978D004E9108 /* Main.storyboard */,
				61D0CC571B05978D004E9108 /* Images.xcassets */,
				61D0CC591B05978D004E9108 /* LaunchScreen.xib */,
				61D0CC4A1B05978D004E9108 /* Supporting Files */,
			);
			path = CoreGraphicsLearn;
			sourceTree = "<group>";
		};
		61D0CC4A1B05978D004E9108 /* Supporting Files */ = {
			isa = PBXGroup;
			children = (
				61D0CC4B1B05978D004E9108 /* Info.plist */,
				61D0CC4C1B05978D004E9108 /* main.m */,
			);
			name = "Supporting Files";
			sourceTree = "<group>";
		};
		61D0CC631B05978D004E9108 /* CoreGraphicsLearnTests */ = {
			isa = PBXGroup;
			children = (
				61D0CC661B05978D004E9108 /* CoreGraphicsLearnTests.m */,
				61D0CC641B05978D004E9108 /* Supporting Files */,
			);
			path = CoreGraphicsLearnTests;
			sourceTree = "<group>";
		};
		61D0CC641B05978D004E9108 /* Supporting Files */ = {
			isa = PBXGroup;
			children = (
				61D0CC651B05978D004E9108 /* Info.plist */,
			);
			name = "Supporting Files";
			sourceTree = "<group>";
		};
/* End PBXGroup section */

/* Begin PBXNativeTarget section */
		61D0CC461B05978D004E9108 /* CoreGraphicsLearn */ = {
			isa = PBXNativeTarget;
			buildConfigurationList = 61D0CC6A1B05978D004E9108 /* Build configuration list for PBXNativeTarget "CoreGraphicsLearn" */;
			buildPhases = (
				61D0CC431B05978D004E9108 /* Sources */,
				61D0CC441B05978D004E9108 /* Frameworks */,
				61D0CC451B05978D004E9108 /* Resources */,
			);
			buildRules = (
			);
			dependencies = (
			);
			name = CoreGraphicsLearn;
			productName = CoreGraphicsLearn;
			productReference = 61D0CC471B05978D004E9108 /* CoreGraphicsLearn.app */;
			productType = "com.apple.product-type.application";
		};
		61D0CC5F1B05978D004E9108 /* CoreGraphicsLearnTests */ = {
			isa = PBXNativeTarget;
			buildConfigurationList = 61D0CC6D1B05978D004E9108 /* Build configuration list for PBXNativeTarget "CoreGraphicsLearnTests" */;
			buildPhases = (
				61D0CC5C1B05978D004E9108 /* Sources */,
				61D0CC5D1B05978D004E9108 /* Frameworks */,
				61D0CC5E1B05978D004E9108 /* Resources */,
			);
			buildRules = (
			);
			dependencies = (
				61D0CC621B05978D004E9108 /* PBXTargetDependency */,
			);
			name = CoreGraphicsLearnTests;
			productName = CoreGraphicsLearnTests;
			productReference = 61D0CC601B05978D004E9108 /* CoreGraphicsLearnTests.xctest */;
			productType = "com.apple.product-type.bundle.unit-test";
		};
/* End PBXNativeTarget section */

/* Begin PBXProject section */
		61D0CC3F1B05978D004E9108 /* Project object */ = {
			isa = PBXProject;
			attributes = {
				LastUpgradeCheck = 0630;
				ORGANIZATIONNAME = wangjiay;
				TargetAttributes = {
					61D0CC461B05978D004E9108 = {
						CreatedOnToolsVersion = 6.3.1;
					};
					61D0CC5F1B05978D004E9108 = {
						CreatedOnToolsVersion = 6.3.1;
						TestTargetID = 61D0CC461B05978D004E9108;
					};
				};
			};
			buildConfigurationList = 61D0CC421B05978D004E9108 /* Build configuration list for PBXProject "CoreGraphicsLearn" */;
			compatibilityVersion = "Xcode 3.2";
			developmentRegion = English;
			hasScannedForEncodings = 0;
			knownRegions = (
				en,
				Base,
			);
			mainGroup = 61D0CC3E1B05978D004E9108;
			productRefGroup = 61D0CC481B05978D004E9108 /* Products */;
			projectDirPath = "";
			projectRoot = "";
			targets = (
				61D0CC461B05978D004E9108 /* CoreGraphicsLearn */,
				61D0CC5F1B05978D004E9108 /* CoreGraphicsLearnTests */,
			);
		};
/* End PBXProject section */

/* Begin PBXResourcesBuildPhase section */
		61D0CC451B05978D004E9108 /* Resources */ = {
			isa = PBXResourcesBuildPhase;
			buildActionMask = 2147483647;
			files = (
				61D0CC561B05978D004E9108 /* Main.storyboard in Resources */,
				61D0CC5B1B05978D004E9108 /* LaunchScreen.xib in Resources */,
				61D0CC581B05978D004E9108 /* Images.xcassets in Resources */,
			);
			runOnlyForDeploymentPostprocessing = 0;
		};
		61D0CC5E1B05978D004E9108 /* Resources */ = {
			isa = PBXResourcesBuildPhase;
			buildActionMask = 2147483647;
			files = (
			);
			runOnlyForDeploymentPostprocessing = 0;
		};
/* End PBXResourcesBuildPhase section */

/* Begin PBXSourcesBuildPhase section */
		61D0CC431B05978D004E9108 /* Sources */ = {
			isa = PBXSourcesBuildPhase;
			buildActionMask = 2147483647;
			files = (
				61D0CC531B05978D004E9108 /* ViewController.m in Sources */,
				61D0CC501B05978D004E9108 /* AppDelegate.m in Sources */,
				61D0CC4D1B05978D004E9108 /* main.m in Sources */,
				61D0CC721B0597DD004E9108 /* Draw2D.m in Sources */,
			);
			runOnlyForDeploymentPostprocessing = 0;
		};
		61D0CC5C1B05978D004E9108 /* Sources */ = {
			isa = PBXSourcesBuildPhase;
			buildActionMask = 2147483647;
			files = (
				61D0CC671B05978D004E9108 /* CoreGraphicsLearnTests.m in Sources */,
			);
			runOnlyForDeploymentPostprocessing = 0;
		};
/* End PBXSourcesBuildPhase section */

/* Begin PBXTargetDependency section */
		61D0CC621B05978D004E9108 /* PBXTargetDependency */ = {
			isa = PBXTargetDependency;
			target = 61D0CC461B05978D004E9108 /* CoreGraphicsLearn */;
			targetProxy = 61D0CC611B05978D004E9108 /* PBXContainerItemProxy */;
		};
/* End PBXTargetDependency section */

/* Begin PBXVariantGroup section */
		61D0CC541B05978D004E9108 /* Main.storyboard */ = {
			isa = PBXVariantGroup;
			children = (
				61D0CC551B05978D004E9108 /* Base */,
			);
			name = Main.storyboard;
			sourceTree = "<group>";
		};
		61D0CC591B05978D004E9108 /* LaunchScreen.xib */ = {
			isa = PBXVariantGroup;
			children = (
				61D0CC5A1B05978D004E9108 /* Base */,
			);
			name = LaunchScreen.xib;
			sourceTree = "<group>";
		};
/* End PBXVariantGroup section */

/* Begin XCBuildConfiguration section */
		61D0CC681B05978D004E9108 /* Debug */ = {
			isa = XCBuildConfiguration;
			buildSettings = {
				ALWAYS_SEARCH_USER_PATHS = NO;
				CLANG_CXX_LANGUAGE_STANDARD = "gnu++0x";
				CLANG_CXX_LIBRARY = "libc++";
				CLANG_ENABLE_MODULES = YES;
				CLANG_ENABLE_OBJC_ARC = YES;
				CLANG_WARN_BOOL_CONVERSION = YES;
				CLANG_WARN_CONSTANT_CONVERSION = YES;
				CLANG_WARN_DIRECT_OBJC_ISA_USAGE = YES_ERROR;
				CLANG_WARN_EMPTY_BODY = YES;
				CLANG_WARN_ENUM_CONVERSION = YES;
				CLANG_WARN_INT_CONVERSION = YES;
				CLANG_WARN_OBJC_ROOT_CLASS = YES_ERROR;
				CLANG_WARN_UNREACHABLE_CODE = YES;
				CLANG_WARN__DUPLICATE_METHOD_MATCH = YES;
				"CODE_SIGN_IDENTITY[sdk=iphoneos*]" = "iPhone Developer";
				COPY_PHASE_STRIP = NO;
				DEBUG_INFORMATION_FORMAT = "dwarf-with-dsym";
				ENABLE_STRICT_OBJC_MSGSEND = YES;
				GCC_C_LANGUAGE_STANDARD = gnu99;
				GCC_DYNAMIC_NO_PIC = NO;
				GCC_NO_COMMON_BLOCKS = YES;
				GCC_OPTIMIZATION_LEVEL = 0;
				GCC_PREPROCESSOR_DEFINITIONS = (
					"DEBUG=1",
					"$(inherited)",
				);
				GCC_SYMBOLS_PRIVATE_EXTERN = NO;
				GCC_WARN_64_TO_32_BIT_CONVERSION = YES;
				GCC_WARN_ABOUT_RETURN_TYPE = YES_ERROR;
				GCC_WARN_UNDECLARED_SELECTOR = YES;
				GCC_WARN_UNINITIALIZED_AUTOS = YES_AGGRESSIVE;
				GCC_WARN_UNUSED_FUNCTION = YES;
				GCC_WARN_UNUSED_VARIABLE = YES;
				IPHONEOS_DEPLOYMENT_TARGET = 8.3;
				MTL_ENABLE_DEBUG_INFO = YES;
				ONLY_ACTIVE_ARCH = YES;
				SDKROOT = iphoneos;
				TARGETED_DEVICE_FAMILY = "1,2";
			};
			name = Debug;
		};
		61D0CC691B05978D004E9108 /* Release */ = {
			isa = XCBuildConfiguration;
			buildSettings = {
				ALWAYS_SEARCH_USER_PATHS = NO;
				CLANG_CXX_LANGUAGE_STANDARD = "gnu++0x";
				CLANG_CXX_LIBRARY = "libc++";
				CLANG_ENABLE_MODULES = YES;
				CLANG_ENABLE_OBJC_ARC = YES;
				CLANG_WARN_BOOL_CONVERSION = YES;
				CLANG_WARN_CONSTANT_CONVERSION = YES;
				CLANG_WARN_DIRECT_OBJC_ISA_USAGE = YES_ERROR;
				CLANG_WARN_EMPTY_BODY = YES;
				CLANG_WARN_ENUM_CONVERSION = YES;
				CLANG_WARN_INT_CONVERSION = YES;
				CLANG_WARN_OBJC_ROOT_CLASS = YES_ERROR;
				CLANG_WARN_UNREACHABLE_CODE = YES;
				CLANG_WARN__DUPLICATE_METHOD_MATCH = YES;
				"CODE_SIGN_IDENTITY[sdk=iphoneos*]" = "iPhone Developer";
				COPY_PHASE_STRIP = NO;
				DEBUG_INFORMATION_FORMAT = "dwarf-with-dsym";
				ENABLE_NS_ASSERTIONS = NO;
				ENABLE_STRICT_OBJC_MSGSEND = YES;
				GCC_C_LANGUAGE_STANDARD = gnu99;
				GCC_NO_COMMON_BLOCKS = YES;
				GCC_WARN_64_TO_32_BIT_CONVERSION = YES;
				GCC_WARN_ABOUT_RETURN_TYPE = YES_ERROR;
				GCC_WARN_UNDECLARED_SELECTOR = YES;
				GCC_WARN_UNINITIALIZED_AUTOS = YES_AGGRESSIVE;
				GCC_WARN_UNUSED_FUNCTION = YES;
				GCC_WARN_UNUSED_VARIABLE = YES;
				IPHONEOS_DEPLOYMENT_TARGET = 8.3;
				MTL_ENABLE_DEBUG_INFO = NO;
				SDKROOT = iphoneos;
				TARGETED_DEVICE_FAMILY = "1,2";
				VALIDATE_PRODUCT = YES;
			};
			name = Release;
		};
		61D0CC6B1B05978D004E9108 /* Debug */ = {
			isa = XCBuildConfiguration;
			buildSettings = {
				ASSETCATALOG_COMPILER_APPICON_NAME = AppIcon;
				INFOPLIST_FILE = CoreGraphicsLearn/Info.plist;
				LD_RUNPATH_SEARCH_PATHS = "$(inherited) @executable_path/Frameworks";
				PRODUCT_NAME = "$(TARGET_NAME)";
			};
			name = Debug;
		};
		61D0CC6C1B05978D004E9108 /* Release */ = {
			isa = XCBuildConfiguration;
			buildSettings = {
				ASSETCATALOG_COMPILER_APPICON_NAME = AppIcon;
				INFOPLIST_FILE = CoreGraphicsLearn/Info.plist;
				LD_RUNPATH_SEARCH_PATHS = "$(inherited) @executable_path/Frameworks";
				PRODUCT_NAME = "$(TARGET_NAME)";
			};
			name = Release;
		};
		61D0CC6E1B05978D004E9108 /* Debug */ = {
			isa = XCBuildConfiguration;
			buildSettings = {
				BUNDLE_LOADER = "$(TEST_HOST)";
				FRAMEWORK_SEARCH_PATHS = (
					"$(SDKROOT)/Developer/Library/Frameworks",
					"$(inherited)",
				);
				GCC_PREPROCESSOR_DEFINITIONS = (
					"DEBUG=1",
					"$(inherited)",
				);
				INFOPLIST_FILE = CoreGraphicsLearnTests/Info.plist;
				LD_RUNPATH_SEARCH_PATHS = "$(inherited) @executable_path/Frameworks @loader_path/Frameworks";
				PRODUCT_NAME = "$(TARGET_NAME)";
				TEST_HOST = "$(BUILT_PRODUCTS_DIR)/CoreGraphicsLearn.app/CoreGraphicsLearn";
			};
			name = Debug;
		};
		61D0CC6F1B05978D004E9108 /* Release */ = {
			isa = XCBuildConfiguration;
			buildSettings = {
				BUNDLE_LOADER = "$(TEST_HOST)";
				FRAMEWORK_SEARCH_PATHS = (
					"$(SDKROOT)/Developer/Library/Frameworks",
					"$(inherited)",
				);
				INFOPLIST_FILE = CoreGraphicsLearnTests/Info.plist;
				LD_RUNPATH_SEARCH_PATHS = "$(inherited) @executable_path/Frameworks @loader_path/Frameworks";
				PRODUCT_NAME = "$(TARGET_NAME)";
				TEST_HOST = "$(BUILT_PRODUCTS_DIR)/CoreGraphicsLearn.app/CoreGraphicsLearn";
			};
			name = Release;
		};
/* End XCBuildConfiguration section */

/* Begin XCConfigurationList section */
		61D0CC421B05978D004E9108 /* Build configuration list for PBXProject "CoreGraphicsLearn" */ = {
			isa = XCConfigurationList;
			buildConfigurations = (
				61D0CC681B05978D004E9108 /* Debug */,
				61D0CC691B05978D004E9108 /* Release */,
			);
			defaultConfigurationIsVisible = 0;
			defaultConfigurationName = Release;
		};
		61D0CC6A1B05978D004E9108 /* Build configuration list for PBXNativeTarget "CoreGraphicsLearn" */ = {
			isa = XCConfigurationList;
			buildConfigurations = (
				61D0CC6B1B05978D004E9108 /* Debug */,
				61D0CC6C1B05978D004E9108 /* Release */,
			);
			defaultConfigurationIsVisible = 0;
		};
		61D0CC6D1B05978D004E9108 /* Build configuration list for PBXNativeTarget "CoreGraphicsLearnTests" */ = {
			isa = XCConfigurationList;
			buildConfigurations = (
				61D0CC6E1B05978D004E9108 /* Debug */,
				61D0CC6F1B05978D004E9108 /* Release */,
			);
			defaultConfigurationIsVisible = 0;
		};
/* End XCConfigurationList section */
	};
	rootObject = 61D0CC3F1B05978D004E9108 /* Project object */;
}
